// !$*UTF8*$!
{
	archiveVersion = 1;
	classes = {
	};
	objectVersion = 50;
	objects = {

/* Begin PBXBuildFile section */
		34A026BB21C4E4810033137E /* LoginViewController.swift in Sources */ = {isa = PBXBuildFile; fileRef = 34A026BA21C4E4810033137E /* LoginViewController.swift */; };
		34A026BD21C4F8EE0033137E /* NewPostViewController.swift in Sources */ = {isa = PBXBuildFile; fileRef = 34A026BC21C4F8EE0033137E /* NewPostViewController.swift */; };
		34A026C121C50FB00033137E /* CustomUITextView.swift in Sources */ = {isa = PBXBuildFile; fileRef = 34A026C021C50FB00033137E /* CustomUITextView.swift */; };
		34A026C321C51D6E0033137E /* CardView.swift in Sources */ = {isa = PBXBuildFile; fileRef = 34A026C221C51D6E0033137E /* CardView.swift */; };
		34CF02A021C5653500CA53A4 /* BaseViewController.swift in Sources */ = {isa = PBXBuildFile; fileRef = 34CF029F21C5653500CA53A4 /* BaseViewController.swift */; };
		34CF02A221C5661400CA53A4 /* Extensions.swift in Sources */ = {isa = PBXBuildFile; fileRef = 34CF02A121C5661400CA53A4 /* Extensions.swift */; };
		34CF02A521C585B800CA53A4 /* DonationPostVO.swift in Sources */ = {isa = PBXBuildFile; fileRef = 34CF02A421C585B800CA53A4 /* DonationPostVO.swift */; };
		34CF02A821C5E2E700CA53A4 /* NetworkManager.swift in Sources */ = {isa = PBXBuildFile; fileRef = 34CF02A721C5E2E700CA53A4 /* NetworkManager.swift */; };
		34CF02AA21C5E54800CA53A4 /* DataModel.swift in Sources */ = {isa = PBXBuildFile; fileRef = 34CF02A921C5E54800CA53A4 /* DataModel.swift */; };
		34CF02AC21C5FEAD00CA53A4 /* UserVO.swift in Sources */ = {isa = PBXBuildFile; fileRef = 34CF02AB21C5FEAD00CA53A4 /* UserVO.swift */; };
		34CF02AE21C61F9200CA53A4 /* RegisterViewController.swift in Sources */ = {isa = PBXBuildFile; fileRef = 34CF02AD21C61F9200CA53A4 /* RegisterViewController.swift */; };
		4FBD09CE21C4CEE900506E45 /* CustomButton.swift in Sources */ = {isa = PBXBuildFile; fileRef = 4FBD09CD21C4CEE900506E45 /* CustomButton.swift */; };
		4FBD09D021C4CF4E00506E45 /* ShadowTextField.swift in Sources */ = {isa = PBXBuildFile; fileRef = 4FBD09CF21C4CF4E00506E45 /* ShadowTextField.swift */; };
		4FBD09D221C4DC3B00506E45 /* PostDetailViewController.swift in Sources */ = {isa = PBXBuildFile; fileRef = 4FBD09D121C4DC3B00506E45 /* PostDetailViewController.swift */; };
		4FBD09D421C4DEDF00506E45 /* PostListViewController.swift in Sources */ = {isa = PBXBuildFile; fileRef = 4FBD09D321C4DEDF00506E45 /* PostListViewController.swift */; };
		4FBD09D621C4DF3E00506E45 /* ProfileViewController.swift in Sources */ = {isa = PBXBuildFile; fileRef = 4FBD09D521C4DF3E00506E45 /* ProfileViewController.swift */; };
		4FE7096A21B3BD9C00AD3C6D /* GoogleService-Info.plist in Resources */ = {isa = PBXBuildFile; fileRef = 4FE7096921B3BD9C00AD3C6D /* GoogleService-Info.plist */; };
		8E3E8D679336B753F5DBA38A /* Pods_PADC_IOS_DonationRequest.framework in Frameworks */ = {isa = PBXBuildFile; fileRef = 8EAC4CE662AEDB47A91B3AC2 /* Pods_PADC_IOS_DonationRequest.framework */; };
		99C0912A21B3B766000F6CAE /* AppDelegate.swift in Sources */ = {isa = PBXBuildFile; fileRef = 99C0912921B3B766000F6CAE /* AppDelegate.swift */; };
		99C0912C21B3B766000F6CAE /* ViewController.swift in Sources */ = {isa = PBXBuildFile; fileRef = 99C0912B21B3B766000F6CAE /* ViewController.swift */; };
		99C0912F21B3B766000F6CAE /* Main.storyboard in Resources */ = {isa = PBXBuildFile; fileRef = 99C0912D21B3B766000F6CAE /* Main.storyboard */; };
		99C0913121B3B766000F6CAE /* Assets.xcassets in Resources */ = {isa = PBXBuildFile; fileRef = 99C0913021B3B766000F6CAE /* Assets.xcassets */; };
		99C0913421B3B766000F6CAE /* LaunchScreen.storyboard in Resources */ = {isa = PBXBuildFile; fileRef = 99C0913221B3B766000F6CAE /* LaunchScreen.storyboard */; };
/* End PBXBuildFile section */

/* Begin PBXFileReference section */
		0D78C56C39B62038C599017C /* Pods-PADC-IOS-DonationRequest.debug.xcconfig */ = {isa = PBXFileReference; includeInIndex = 1; lastKnownFileType = text.xcconfig; name = "Pods-PADC-IOS-DonationRequest.debug.xcconfig"; path = "Pods/Target Support Files/Pods-PADC-IOS-DonationRequest/Pods-PADC-IOS-DonationRequest.debug.xcconfig"; sourceTree = "<group>"; };
		34A026BA21C4E4810033137E /* LoginViewController.swift */ = {isa = PBXFileReference; lastKnownFileType = sourcecode.swift; path = LoginViewController.swift; sourceTree = "<group>"; };
		34A026BC21C4F8EE0033137E /* NewPostViewController.swift */ = {isa = PBXFileReference; lastKnownFileType = sourcecode.swift; path = NewPostViewController.swift; sourceTree = "<group>"; };
		34A026C021C50FB00033137E /* CustomUITextView.swift */ = {isa = PBXFileReference; lastKnownFileType = sourcecode.swift; path = CustomUITextView.swift; sourceTree = "<group>"; };
		34A026C221C51D6E0033137E /* CardView.swift */ = {isa = PBXFileReference; lastKnownFileType = sourcecode.swift; path = CardView.swift; sourceTree = "<group>"; };
		34CF029F21C5653500CA53A4 /* BaseViewController.swift */ = {isa = PBXFileReference; lastKnownFileType = sourcecode.swift; path = BaseViewController.swift; sourceTree = "<group>"; };
		34CF02A121C5661400CA53A4 /* Extensions.swift */ = {isa = PBXFileReference; lastKnownFileType = sourcecode.swift; path = Extensions.swift; sourceTree = "<group>"; };
		34CF02A421C585B800CA53A4 /* DonationPostVO.swift */ = {isa = PBXFileReference; lastKnownFileType = sourcecode.swift; name = DonationPostVO.swift; path = "PADC-IOS-DonationRequest/components/DonationPostVO.swift"; sourceTree = SOURCE_ROOT; };
		34CF02A721C5E2E700CA53A4 /* NetworkManager.swift */ = {isa = PBXFileReference; lastKnownFileType = sourcecode.swift; path = NetworkManager.swift; sourceTree = "<group>"; };
		34CF02A921C5E54800CA53A4 /* DataModel.swift */ = {isa = PBXFileReference; lastKnownFileType = sourcecode.swift; name = DataModel.swift; path = "PADC-IOS-DonationRequest/network/DataModel.swift"; sourceTree = SOURCE_ROOT; };
		34CF02AB21C5FEAD00CA53A4 /* UserVO.swift */ = {isa = PBXFileReference; lastKnownFileType = sourcecode.swift; name = UserVO.swift; path = "PADC-IOS-DonationRequest/network/UserVO.swift"; sourceTree = SOURCE_ROOT; };
		34CF02AD21C61F9200CA53A4 /* RegisterViewController.swift */ = {isa = PBXFileReference; lastKnownFileType = sourcecode.swift; path = RegisterViewController.swift; sourceTree = "<group>"; };
		4FBD09CD21C4CEE900506E45 /* CustomButton.swift */ = {isa = PBXFileReference; lastKnownFileType = sourcecode.swift; path = CustomButton.swift; sourceTree = "<group>"; };
		4FBD09CF21C4CF4E00506E45 /* ShadowTextField.swift */ = {isa = PBXFileReference; lastKnownFileType = sourcecode.swift; path = ShadowTextField.swift; sourceTree = "<group>"; };
		4FBD09D121C4DC3B00506E45 /* PostDetailViewController.swift */ = {isa = PBXFileReference; lastKnownFileType = sourcecode.swift; path = PostDetailViewController.swift; sourceTree = "<group>"; };
		4FBD09D321C4DEDF00506E45 /* PostListViewController.swift */ = {isa = PBXFileReference; lastKnownFileType = sourcecode.swift; path = PostListViewController.swift; sourceTree = "<group>"; };
		4FBD09D521C4DF3E00506E45 /* ProfileViewController.swift */ = {isa = PBXFileReference; lastKnownFileType = sourcecode.swift; path = ProfileViewController.swift; sourceTree = "<group>"; };
		4FE7096921B3BD9C00AD3C6D /* GoogleService-Info.plist */ = {isa = PBXFileReference; fileEncoding = 4; lastKnownFileType = text.plist.xml; path = "GoogleService-Info.plist"; sourceTree = "<group>"; };
		8EAC4CE662AEDB47A91B3AC2 /* Pods_PADC_IOS_DonationRequest.framework */ = {isa = PBXFileReference; explicitFileType = wrapper.framework; includeInIndex = 0; path = Pods_PADC_IOS_DonationRequest.framework; sourceTree = BUILT_PRODUCTS_DIR; };
		99C0912621B3B766000F6CAE /* PADC-IOS-DonationRequest.app */ = {isa = PBXFileReference; explicitFileType = wrapper.application; includeInIndex = 0; path = "PADC-IOS-DonationRequest.app"; sourceTree = BUILT_PRODUCTS_DIR; };
		99C0912921B3B766000F6CAE /* AppDelegate.swift */ = {isa = PBXFileReference; lastKnownFileType = sourcecode.swift; path = AppDelegate.swift; sourceTree = "<group>"; };
		99C0912B21B3B766000F6CAE /* ViewController.swift */ = {isa = PBXFileReference; lastKnownFileType = sourcecode.swift; path = ViewController.swift; sourceTree = "<group>"; };
		99C0912E21B3B766000F6CAE /* Base */ = {isa = PBXFileReference; lastKnownFileType = file.storyboard; name = Base; path = Base.lproj/Main.storyboard; sourceTree = "<group>"; };
		99C0913021B3B766000F6CAE /* Assets.xcassets */ = {isa = PBXFileReference; lastKnownFileType = folder.assetcatalog; path = Assets.xcassets; sourceTree = "<group>"; };
		99C0913321B3B766000F6CAE /* Base */ = {isa = PBXFileReference; lastKnownFileType = file.storyboard; name = Base; path = Base.lproj/LaunchScreen.storyboard; sourceTree = "<group>"; };
		99C0913521B3B766000F6CAE /* Info.plist */ = {isa = PBXFileReference; lastKnownFileType = text.plist.xml; path = Info.plist; sourceTree = "<group>"; };
		A54EE4E024A9423D5618F248 /* Pods-PADC-IOS-DonationRequest.release.xcconfig */ = {isa = PBXFileReference; includeInIndex = 1; lastKnownFileType = text.xcconfig; name = "Pods-PADC-IOS-DonationRequest.release.xcconfig"; path = "Pods/Target Support Files/Pods-PADC-IOS-DonationRequest/Pods-PADC-IOS-DonationRequest.release.xcconfig"; sourceTree = "<group>"; };
/* End PBXFileReference section */

/* Begin PBXFrameworksBuildPhase section */
		99C0912321B3B766000F6CAE /* Frameworks */ = {
			isa = PBXFrameworksBuildPhase;
			buildActionMask = 2147483647;
			files = (
				8E3E8D679336B753F5DBA38A /* Pods_PADC_IOS_DonationRequest.framework in Frameworks */,
			);
			runOnlyForDeploymentPostprocessing = 0;
		};
/* End PBXFrameworksBuildPhase section */

/* Begin PBXGroup section */
		34CF02A621C5E2CF00CA53A4 /* network */ = {
			isa = PBXGroup;
			children = (
				34CF02A721C5E2E700CA53A4 /* NetworkManager.swift */,
			);
			path = network;
			sourceTree = "<group>";
		};
		4FBD09C621C4CDA700506E45 /* viewcontrollers */ = {
			isa = PBXGroup;
			children = (
				34A026BC21C4F8EE0033137E /* NewPostViewController.swift */,
				34A026BA21C4E4810033137E /* LoginViewController.swift */,
				99C0912B21B3B766000F6CAE /* ViewController.swift */,
				4FBD09D121C4DC3B00506E45 /* PostDetailViewController.swift */,
				4FBD09D321C4DEDF00506E45 /* PostListViewController.swift */,
				4FBD09D521C4DF3E00506E45 /* ProfileViewController.swift */,
				34CF029F21C5653500CA53A4 /* BaseViewController.swift */,
				34CF02AD21C61F9200CA53A4 /* RegisterViewController.swift */,
			);
			path = viewcontrollers;
			sourceTree = "<group>";
		};
		4FBD09C721C4CDC400506E45 /* cells */ = {
			isa = PBXGroup;
			children = (
			);
			path = cells;
			sourceTree = "<group>";
		};
		4FBD09C821C4CDCA00506E45 /* utils */ = {
			isa = PBXGroup;
			children = (
			);
			path = utils;
			sourceTree = "<group>";
		};
		4FBD09C921C4CDD700506E45 /* storyboards */ = {
			isa = PBXGroup;
			children = (
				99C0913221B3B766000F6CAE /* LaunchScreen.storyboard */,
				99C0912D21B3B766000F6CAE /* Main.storyboard */,
			);
			path = storyboards;
			sourceTree = "<group>";
		};
		4FBD09CA21C4CE6400506E45 /* components */ = {
			isa = PBXGroup;
			children = (
				4FBD09CD21C4CEE900506E45 /* CustomButton.swift */,
				4FBD09CF21C4CF4E00506E45 /* ShadowTextField.swift */,
				34A026C021C50FB00033137E /* CustomUITextView.swift */,
				34A026C221C51D6E0033137E /* CardView.swift */,
				34CF02A121C5661400CA53A4 /* Extensions.swift */,
			);
			path = components;
			sourceTree = "<group>";
		};
		4FBD09CB21C4CE6E00506E45 /* vos */ = {
			isa = PBXGroup;
			children = (
				34CF02A421C585B800CA53A4 /* DonationPostVO.swift */,
				34CF02AB21C5FEAD00CA53A4 /* UserVO.swift */,
			);
			path = vos;
			sourceTree = "<group>";
		};
		4FBD09CC21C4CE7500506E45 /* data */ = {
			isa = PBXGroup;
			children = (
				34CF02A921C5E54800CA53A4 /* DataModel.swift */,
			);
			path = data;
			sourceTree = "<group>";
		};
		7A9EF241FBC6BF95AE2D35E3 /* Frameworks */ = {
			isa = PBXGroup;
			children = (
				8EAC4CE662AEDB47A91B3AC2 /* Pods_PADC_IOS_DonationRequest.framework */,
			);
			name = Frameworks;
			sourceTree = "<group>";
		};
		99C0911D21B3B766000F6CAE = {
			isa = PBXGroup;
			children = (
				99C0912821B3B766000F6CAE /* PADC-IOS-DonationRequest */,
				99C0912721B3B766000F6CAE /* Products */,
				E38B729843F946565FBF2EFF /* Pods */,
				7A9EF241FBC6BF95AE2D35E3 /* Frameworks */,
			);
			sourceTree = "<group>";
		};
		99C0912721B3B766000F6CAE /* Products */ = {
			isa = PBXGroup;
			children = (
				99C0912621B3B766000F6CAE /* PADC-IOS-DonationRequest.app */,
			);
			name = Products;
			sourceTree = "<group>";
		};
		99C0912821B3B766000F6CAE /* PADC-IOS-DonationRequest */ = {
			isa = PBXGroup;
			children = (
				34CF02A621C5E2CF00CA53A4 /* network */,
				4FBD09CC21C4CE7500506E45 /* data */,
				4FBD09CB21C4CE6E00506E45 /* vos */,
				4FBD09CA21C4CE6400506E45 /* components */,
				4FBD09C921C4CDD700506E45 /* storyboards */,
				4FBD09C821C4CDCA00506E45 /* utils */,
				4FBD09C721C4CDC400506E45 /* cells */,
				4FBD09C621C4CDA700506E45 /* viewcontrollers */,
				99C0912921B3B766000F6CAE /* AppDelegate.swift */,
				99C0913021B3B766000F6CAE /* Assets.xcassets */,
				4FE7096921B3BD9C00AD3C6D /* GoogleService-Info.plist */,
				99C0913521B3B766000F6CAE /* Info.plist */,
			);
			path = "PADC-IOS-DonationRequest";
			sourceTree = "<group>";
		};
		E38B729843F946565FBF2EFF /* Pods */ = {
			isa = PBXGroup;
			children = (
				0D78C56C39B62038C599017C /* Pods-PADC-IOS-DonationRequest.debug.xcconfig */,
				A54EE4E024A9423D5618F248 /* Pods-PADC-IOS-DonationRequest.release.xcconfig */,
			);
			name = Pods;
			sourceTree = "<group>";
		};
/* End PBXGroup section */

/* Begin PBXNativeTarget section */
		99C0912521B3B766000F6CAE /* PADC-IOS-DonationRequest */ = {
			isa = PBXNativeTarget;
			buildConfigurationList = 99C0913821B3B766000F6CAE /* Build configuration list for PBXNativeTarget "PADC-IOS-DonationRequest" */;
			buildPhases = (
				17C2DEAC62BC4702FF9C6865 /* [CP] Check Pods Manifest.lock */,
				99C0912221B3B766000F6CAE /* Sources */,
				99C0912321B3B766000F6CAE /* Frameworks */,
				99C0912421B3B766000F6CAE /* Resources */,
				6BBBF3AF7A735619E0B8C0AB /* [CP] Embed Pods Frameworks */,
				FD839396C58A6D9AF0BE611A /* [CP] Copy Pods Resources */,
			);
			buildRules = (
			);
			dependencies = (
			);
			name = "PADC-IOS-DonationRequest";
			productName = "PADC-IOS-DonationRequest";
			productReference = 99C0912621B3B766000F6CAE /* PADC-IOS-DonationRequest.app */;
			productType = "com.apple.product-type.application";
		};
/* End PBXNativeTarget section */

/* Begin PBXProject section */
		99C0911E21B3B766000F6CAE /* Project object */ = {
			isa = PBXProject;
			attributes = {
				LastSwiftUpdateCheck = 1000;
				LastUpgradeCheck = 1000;
				ORGANIZATIONNAME = padcmyanmar;
				TargetAttributes = {
					99C0912521B3B766000F6CAE = {
						CreatedOnToolsVersion = 10.0;
					};
				};
			};
			buildConfigurationList = 99C0912121B3B766000F6CAE /* Build configuration list for PBXProject "PADC-IOS-DonationRequest" */;
			compatibilityVersion = "Xcode 9.3";
			developmentRegion = en;
			hasScannedForEncodings = 0;
			knownRegions = (
				en,
				Base,
			);
			mainGroup = 99C0911D21B3B766000F6CAE;
			productRefGroup = 99C0912721B3B766000F6CAE /* Products */;
			projectDirPath = "";
			projectRoot = "";
			targets = (
				99C0912521B3B766000F6CAE /* PADC-IOS-DonationRequest */,
			);
		};
/* End PBXProject section */

/* Begin PBXResourcesBuildPhase section */
		99C0912421B3B766000F6CAE /* Resources */ = {
			isa = PBXResourcesBuildPhase;
			buildActionMask = 2147483647;
			files = (
				99C0913421B3B766000F6CAE /* LaunchScreen.storyboard in Resources */,
				4FE7096A21B3BD9C00AD3C6D /* GoogleService-Info.plist in Resources */,
				99C0913121B3B766000F6CAE /* Assets.xcassets in Resources */,
				99C0912F21B3B766000F6CAE /* Main.storyboard in Resources */,
			);
			runOnlyForDeploymentPostprocessing = 0;
		};
/* End PBXResourcesBuildPhase section */

/* Begin PBXShellScriptBuildPhase section */
		17C2DEAC62BC4702FF9C6865 /* [CP] Check Pods Manifest.lock */ = {
			isa = PBXShellScriptBuildPhase;
			buildActionMask = 2147483647;
			files = (
			);
			inputFileListPaths = (
			);
			inputPaths = (
				"${PODS_PODFILE_DIR_PATH}/Podfile.lock",
				"${PODS_ROOT}/Manifest.lock",
			);
			name = "[CP] Check Pods Manifest.lock";
			outputFileListPaths = (
			);
			outputPaths = (
				"$(DERIVED_FILE_DIR)/Pods-PADC-IOS-DonationRequest-checkManifestLockResult.txt",
			);
			runOnlyForDeploymentPostprocessing = 0;
			shellPath = /bin/sh;
			shellScript = "diff \"${PODS_PODFILE_DIR_PATH}/Podfile.lock\" \"${PODS_ROOT}/Manifest.lock\" > /dev/null\nif [ $? != 0 ] ; then\n    # print error to STDERR\n    echo \"error: The sandbox is not in sync with the Podfile.lock. Run 'pod install' or update your CocoaPods installation.\" >&2\n    exit 1\nfi\n# This output is used by Xcode 'outputs' to avoid re-running this script phase.\necho \"SUCCESS\" > \"${SCRIPT_OUTPUT_FILE_0}\"\n";
			showEnvVarsInLog = 0;
		};
		6BBBF3AF7A735619E0B8C0AB /* [CP] Embed Pods Frameworks */ = {
			isa = PBXShellScriptBuildPhase;
			buildActionMask = 2147483647;
			files = (
			);
			inputFileListPaths = (
			);
			inputPaths = (
				"${SRCROOT}/Pods/Target Support Files/Pods-PADC-IOS-DonationRequest/Pods-PADC-IOS-DonationRequest-frameworks.sh",
				"${BUILT_PRODUCTS_DIR}/GTMOAuth2/GTMOAuth2.framework",
				"${BUILT_PRODUCTS_DIR}/GTMSessionFetcher/GTMSessionFetcher.framework",
				"${BUILT_PRODUCTS_DIR}/GoogleToolboxForMac/GoogleToolboxForMac.framework",
				"${BUILT_PRODUCTS_DIR}/GoogleUtilities/GoogleUtilities.framework",
				"${BUILT_PRODUCTS_DIR}/JGProgressHUD/JGProgressHUD.framework",
				"${BUILT_PRODUCTS_DIR}/SDWebImage/SDWebImage.framework",
				"${BUILT_PRODUCTS_DIR}/leveldb-library/leveldb.framework",
				"${BUILT_PRODUCTS_DIR}/libwebp/libwebp.framework",
				"${BUILT_PRODUCTS_DIR}/nanopb/nanopb.framework",
			);
			name = "[CP] Embed Pods Frameworks";
			outputFileListPaths = (
			);
			outputPaths = (
				"${TARGET_BUILD_DIR}/${FRAMEWORKS_FOLDER_PATH}/GTMOAuth2.framework",
				"${TARGET_BUILD_DIR}/${FRAMEWORKS_FOLDER_PATH}/GTMSessionFetcher.framework",
				"${TARGET_BUILD_DIR}/${FRAMEWORKS_FOLDER_PATH}/GoogleToolboxForMac.framework",
				"${TARGET_BUILD_DIR}/${FRAMEWORKS_FOLDER_PATH}/GoogleUtilities.framework",
				"${TARGET_BUILD_DIR}/${FRAMEWORKS_FOLDER_PATH}/JGProgressHUD.framework",
				"${TARGET_BUILD_DIR}/${FRAMEWORKS_FOLDER_PATH}/SDWebImage.framework",
				"${TARGET_BUILD_DIR}/${FRAMEWORKS_FOLDER_PATH}/leveldb.framework",
				"${TARGET_BUILD_DIR}/${FRAMEWORKS_FOLDER_PATH}/libwebp.framework",
				"${TARGET_BUILD_DIR}/${FRAMEWORKS_FOLDER_PATH}/nanopb.framework",
			);
			runOnlyForDeploymentPostprocessing = 0;
			shellPath = /bin/sh;
			shellScript = "\"${SRCROOT}/Pods/Target Support Files/Pods-PADC-IOS-DonationRequest/Pods-PADC-IOS-DonationRequest-frameworks.sh\"\n";
			showEnvVarsInLog = 0;
		};
		FD839396C58A6D9AF0BE611A /* [CP] Copy Pods Resources */ = {
			isa = PBXShellScriptBuildPhase;
			buildActionMask = 2147483647;
			files = (
			);
			inputFileListPaths = (
			);
			inputPaths = (
				"${SRCROOT}/Pods/Target Support Files/Pods-PADC-IOS-DonationRequest/Pods-PADC-IOS-DonationRequest-resources.sh",
				"${PODS_ROOT}/GoogleSignIn/Resources/GoogleSignIn.bundle",
			);
			name = "[CP] Copy Pods Resources";
			outputFileListPaths = (
			);
			outputPaths = (
				"${TARGET_BUILD_DIR}/${UNLOCALIZED_RESOURCES_FOLDER_PATH}/GoogleSignIn.bundle",
			);
			runOnlyForDeploymentPostprocessing = 0;
			shellPath = /bin/sh;
			shellScript = "\"${SRCROOT}/Pods/Target Support Files/Pods-PADC-IOS-DonationRequest/Pods-PADC-IOS-DonationRequest-resources.sh\"\n";
			showEnvVarsInLog = 0;
		};
/* End PBXShellScriptBuildPhase section */

/* Begin PBXSourcesBuildPhase section */
		99C0912221B3B766000F6CAE /* Sources */ = {
			isa = PBXSourcesBuildPhase;
			buildActionMask = 2147483647;
			files = (
				99C0912C21B3B766000F6CAE /* ViewController.swift in Sources */,
				99C0912A21B3B766000F6CAE /* AppDelegate.swift in Sources */,
				4FBD09D221C4DC3B00506E45 /* PostDetailViewController.swift in Sources */,
				4FBD09CE21C4CEE900506E45 /* CustomButton.swift in Sources */,
				34CF02A521C585B800CA53A4 /* DonationPostVO.swift in Sources */,
				34CF02AA21C5E54800CA53A4 /* DataModel.swift in Sources */,
				34A026C121C50FB00033137E /* CustomUITextView.swift in Sources */,
				34CF02A021C5653500CA53A4 /* BaseViewController.swift in Sources */,
				34A026BB21C4E4810033137E /* LoginViewController.swift in Sources */,
				34CF02AE21C61F9200CA53A4 /* RegisterViewController.swift in Sources */,
				34A026BD21C4F8EE0033137E /* NewPostViewController.swift in Sources */,
				34CF02A221C5661400CA53A4 /* Extensions.swift in Sources */,
				4FBD09D621C4DF3E00506E45 /* ProfileViewController.swift in Sources */,
				4FBD09D421C4DEDF00506E45 /* PostListViewController.swift in Sources */,
				34CF02A821C5E2E700CA53A4 /* NetworkManager.swift in Sources */,
				34A026C321C51D6E0033137E /* CardView.swift in Sources */,
				34CF02AC21C5FEAD00CA53A4 /* UserVO.swift in Sources */,
				4FBD09D021C4CF4E00506E45 /* ShadowTextField.swift in Sources */,
			);
			runOnlyForDeploymentPostprocessing = 0;
		};
/* End PBXSourcesBuildPhase section */

/* Begin PBXVariantGroup section */
		99C0912D21B3B766000F6CAE /* Main.storyboard */ = {
			isa = PBXVariantGroup;
			children = (
				99C0912E21B3B766000F6CAE /* Base */,
			);
			name = Main.storyboard;
			sourceTree = "<group>";
		};
		99C0913221B3B766000F6CAE /* LaunchScreen.storyboard */ = {
			isa = PBXVariantGroup;
			children = (
				99C0913321B3B766000F6CAE /* Base */,
			);
			name = LaunchScreen.storyboard;
			sourceTree = "<group>";
		};
/* End PBXVariantGroup section */

/* Begin XCBuildConfiguration section */
		99C0913621B3B766000F6CAE /* Debug */ = {
			isa = XCBuildConfiguration;
			buildSettings = {
				ALWAYS_SEARCH_USER_PATHS = NO;
				CLANG_ANALYZER_NONNULL = YES;
				CLANG_ANALYZER_NUMBER_OBJECT_CONVERSION = YES_AGGRESSIVE;
				CLANG_CXX_LANGUAGE_STANDARD = "gnu++14";
				CLANG_CXX_LIBRARY = "libc++";
				CLANG_ENABLE_MODULES = YES;
				CLANG_ENABLE_OBJC_ARC = YES;
				CLANG_ENABLE_OBJC_WEAK = YES;
				CLANG_WARN_BLOCK_CAPTURE_AUTORELEASING = YES;
				CLANG_WARN_BOOL_CONVERSION = YES;
				CLANG_WARN_COMMA = YES;
				CLANG_WARN_CONSTANT_CONVERSION = YES;
				CLANG_WARN_DEPRECATED_OBJC_IMPLEMENTATIONS = YES;
				CLANG_WARN_DIRECT_OBJC_ISA_USAGE = YES_ERROR;
				CLANG_WARN_DOCUMENTATION_COMMENTS = YES;
				CLANG_WARN_EMPTY_BODY = YES;
				CLANG_WARN_ENUM_CONVERSION = YES;
				CLANG_WARN_INFINITE_RECURSION = YES;
				CLANG_WARN_INT_CONVERSION = YES;
				CLANG_WARN_NON_LITERAL_NULL_CONVERSION = YES;
				CLANG_WARN_OBJC_IMPLICIT_RETAIN_SELF = YES;
				CLANG_WARN_OBJC_LITERAL_CONVERSION = YES;
				CLANG_WARN_OBJC_ROOT_CLASS = YES_ERROR;
				CLANG_WARN_RANGE_LOOP_ANALYSIS = YES;
				CLANG_WARN_STRICT_PROTOTYPES = YES;
				CLANG_WARN_SUSPICIOUS_MOVE = YES;
				CLANG_WARN_UNGUARDED_AVAILABILITY = YES_AGGRESSIVE;
				CLANG_WARN_UNREACHABLE_CODE = YES;
				CLANG_WARN__DUPLICATE_METHOD_MATCH = YES;
				CODE_SIGN_IDENTITY = "iPhone Developer";
				COPY_PHASE_STRIP = NO;
				DEBUG_INFORMATION_FORMAT = dwarf;
				ENABLE_STRICT_OBJC_MSGSEND = YES;
				ENABLE_TESTABILITY = YES;
				GCC_C_LANGUAGE_STANDARD = gnu11;
				GCC_DYNAMIC_NO_PIC = NO;
				GCC_NO_COMMON_BLOCKS = YES;
				GCC_OPTIMIZATION_LEVEL = 0;
				GCC_PREPROCESSOR_DEFINITIONS = (
					"DEBUG=1",
					"$(inherited)",
				);
				GCC_WARN_64_TO_32_BIT_CONVERSION = YES;
				GCC_WARN_ABOUT_RETURN_TYPE = YES_ERROR;
				GCC_WARN_UNDECLARED_SELECTOR = YES;
				GCC_WARN_UNINITIALIZED_AUTOS = YES_AGGRESSIVE;
				GCC_WARN_UNUSED_FUNCTION = YES;
				GCC_WARN_UNUSED_VARIABLE = YES;
				IPHONEOS_DEPLOYMENT_TARGET = 12.0;
				MTL_ENABLE_DEBUG_INFO = INCLUDE_SOURCE;
				MTL_FAST_MATH = YES;
				ONLY_ACTIVE_ARCH = YES;
				SDKROOT = iphoneos;
				SWIFT_ACTIVE_COMPILATION_CONDITIONS = DEBUG;
				SWIFT_OPTIMIZATION_LEVEL = "-Onone";
			};
			name = Debug;
		};
		99C0913721B3B766000F6CAE /* Release */ = {
			isa = XCBuildConfiguration;
			buildSettings = {
				ALWAYS_SEARCH_USER_PATHS = NO;
				CLANG_ANALYZER_NONNULL = YES;
				CLANG_ANALYZER_NUMBER_OBJECT_CONVERSION = YES_AGGRESSIVE;
				CLANG_CXX_LANGUAGE_STANDARD = "gnu++14";
				CLANG_CXX_LIBRARY = "libc++";
				CLANG_ENABLE_MODULES = YES;
				CLANG_ENABLE_OBJC_ARC = YES;
				CLANG_ENABLE_OBJC_WEAK = YES;
				CLANG_WARN_BLOCK_CAPTURE_AUTORELEASING = YES;
				CLANG_WARN_BOOL_CONVERSION = YES;
				CLANG_WARN_COMMA = YES;
				CLANG_WARN_CONSTANT_CONVERSION = YES;
				CLANG_WARN_DEPRECATED_OBJC_IMPLEMENTATIONS = YES;
				CLANG_WARN_DIRECT_OBJC_ISA_USAGE = YES_ERROR;
				CLANG_WARN_DOCUMENTATION_COMMENTS = YES;
				CLANG_WARN_EMPTY_BODY = YES;
				CLANG_WARN_ENUM_CONVERSION = YES;
				CLANG_WARN_INFINITE_RECURSION = YES;
				CLANG_WARN_INT_CONVERSION = YES;
				CLANG_WARN_NON_LITERAL_NULL_CONVERSION = YES;
				CLANG_WARN_OBJC_IMPLICIT_RETAIN_SELF = YES;
				CLANG_WARN_OBJC_LITERAL_CONVERSION = YES;
				CLANG_WARN_OBJC_ROOT_CLASS = YES_ERROR;
				CLANG_WARN_RANGE_LOOP_ANALYSIS = YES;
				CLANG_WARN_STRICT_PROTOTYPES = YES;
				CLANG_WARN_SUSPICIOUS_MOVE = YES;
				CLANG_WARN_UNGUARDED_AVAILABILITY = YES_AGGRESSIVE;
				CLANG_WARN_UNREACHABLE_CODE = YES;
				CLANG_WARN__DUPLICATE_METHOD_MATCH = YES;
				CODE_SIGN_IDENTITY = "iPhone Developer";
				COPY_PHASE_STRIP = NO;
				DEBUG_INFORMATION_FORMAT = "dwarf-with-dsym";
				ENABLE_NS_ASSERTIONS = NO;
				ENABLE_STRICT_OBJC_MSGSEND = YES;
				GCC_C_LANGUAGE_STANDARD = gnu11;
				GCC_NO_COMMON_BLOCKS = YES;
				GCC_WARN_64_TO_32_BIT_CONVERSION = YES;
				GCC_WARN_ABOUT_RETURN_TYPE = YES_ERROR;
				GCC_WARN_UNDECLARED_SELECTOR = YES;
				GCC_WARN_UNINITIALIZED_AUTOS = YES_AGGRESSIVE;
				GCC_WARN_UNUSED_FUNCTION = YES;
				GCC_WARN_UNUSED_VARIABLE = YES;
				IPHONEOS_DEPLOYMENT_TARGET = 12.0;
				MTL_ENABLE_DEBUG_INFO = NO;
				MTL_FAST_MATH = YES;
				SDKROOT = iphoneos;
				SWIFT_COMPILATION_MODE = wholemodule;
				SWIFT_OPTIMIZATION_LEVEL = "-O";
				VALIDATE_PRODUCT = YES;
			};
			name = Release;
		};
		99C0913921B3B766000F6CAE /* Debug */ = {
			isa = XCBuildConfiguration;
			baseConfigurationReference = 0D78C56C39B62038C599017C /* Pods-PADC-IOS-DonationRequest.debug.xcconfig */;
			buildSettings = {
				ASSETCATALOG_COMPILER_APPICON_NAME = AppIcon;
				CODE_SIGN_IDENTITY = "iPhone Developer";
				CODE_SIGN_STYLE = Automatic;
				DEVELOPMENT_TEAM = 64F6CM5Y8X;
				INFOPLIST_FILE = "PADC-IOS-DonationRequest/Info.plist";
				IPHONEOS_DEPLOYMENT_TARGET = 12.0;
				LD_RUNPATH_SEARCH_PATHS = (
					"$(inherited)",
					"@executable_path/Frameworks",
				);
				PRODUCT_BUNDLE_IDENTIFIER = "com.padcmyanmar.PADC-IOS-DonationRequest";
				PRODUCT_NAME = "$(TARGET_NAME)";
				PROVISIONING_PROFILE_SPECIFIER = "";
				SWIFT_VERSION = 4.2;
				TARGETED_DEVICE_FAMILY = "1,2";
			};
			name = Debug;
		};
		99C0913A21B3B766000F6CAE /* Release */ = {
			isa = XCBuildConfiguration;
			baseConfigurationReference = A54EE4E024A9423D5618F248 /* Pods-PADC-IOS-DonationRequest.release.xcconfig */;
			buildSettings = {
				ASSETCATALOG_COMPILER_APPICON_NAME = AppIcon;
				CODE_SIGN_IDENTITY = "iPhone Developer";
				CODE_SIGN_STYLE = Automatic;
				DEVELOPMENT_TEAM = 64F6CM5Y8X;
				INFOPLIST_FILE = "PADC-IOS-DonationRequest/Info.plist";
				IPHONEOS_DEPLOYMENT_TARGET = 12.0;
				LD_RUNPATH_SEARCH_PATHS = (
					"$(inherited)",
					"@executable_path/Frameworks",
				);
				PRODUCT_BUNDLE_IDENTIFIER = "com.padcmyanmar.PADC-IOS-DonationRequest";
				PRODUCT_NAME = "$(TARGET_NAME)";
				PROVISIONING_PROFILE_SPECIFIER = "";
				SWIFT_VERSION = 4.2;
				TARGETED_DEVICE_FAMILY = "1,2";
			};
			name = Release;
		};
/* End XCBuildConfiguration section */

/* Begin XCConfigurationList section */
		99C0912121B3B766000F6CAE /* Build configuration list for PBXProject "PADC-IOS-DonationRequest" */ = {
			isa = XCConfigurationList;
			buildConfigurations = (
				99C0913621B3B766000F6CAE /* Debug */,
				99C0913721B3B766000F6CAE /* Release */,
			);
			defaultConfigurationIsVisible = 0;
			defaultConfigurationName = Release;
		};
		99C0913821B3B766000F6CAE /* Build configuration list for PBXNativeTarget "PADC-IOS-DonationRequest" */ = {
			isa = XCConfigurationList;
			buildConfigurations = (
				99C0913921B3B766000F6CAE /* Debug */,
				99C0913A21B3B766000F6CAE /* Release */,
			);
			defaultConfigurationIsVisible = 0;
			defaultConfigurationName = Release;
		};
/* End XCConfigurationList section */
	};
	rootObject = 99C0911E21B3B766000F6CAE /* Project object */;
}
